// !$*UTF8*$!
{
	archiveVersion = 1;
	classes = {
	};
	objectVersion = 51;
	objects = {

/* Begin PBXBuildFile section */
		17D223DC245D1F8C00373004 /* AppDelegate.swift in Sources */ = {isa = PBXBuildFile; fileRef = 17D223DB245D1F8C00373004 /* AppDelegate.swift */; };
		17D223DE245D1F8C00373004 /* SceneDelegate.swift in Sources */ = {isa = PBXBuildFile; fileRef = 17D223DD245D1F8C00373004 /* SceneDelegate.swift */; };
		17D223E0245D1F8C00373004 /* ViewController.swift in Sources */ = {isa = PBXBuildFile; fileRef = 17D223DF245D1F8C00373004 /* ViewController.swift */; };
		17D223E3245D1F8C00373004 /* Main.storyboard in Resources */ = {isa = PBXBuildFile; fileRef = 17D223E1245D1F8C00373004 /* Main.storyboard */; };
		17D223E6245D1F8C00373004 /* MyApp.xcdatamodeld in Sources */ = {isa = PBXBuildFile; fileRef = 17D223E4245D1F8C00373004 /* MyApp.xcdatamodeld */; };
		17D223EB245D1F8D00373004 /* LaunchScreen.storyboard in Resources */ = {isa = PBXBuildFile; fileRef = 17D223E9245D1F8D00373004 /* LaunchScreen.storyboard */; };
		17D223F6245DFF6800373004 /* MenuItem.swift in Sources */ = {isa = PBXBuildFile; fileRef = 17D223F5245DFF6800373004 /* MenuItem.swift */; };
		17D2240B245E090A00373004 /* RegisterViewController.xib in Resources */ = {isa = PBXBuildFile; fileRef = 17D223F9245E090A00373004 /* RegisterViewController.xib */; };
		17D2240C245E090A00373004 /* RegisterViewController.swift in Sources */ = {isa = PBXBuildFile; fileRef = 17D223FA245E090A00373004 /* RegisterViewController.swift */; };
		17D2240D245E090A00373004 /* ExampleViewController.swift in Sources */ = {isa = PBXBuildFile; fileRef = 17D223FD245E090A00373004 /* ExampleViewController.swift */; };
		17D2240E245E090A00373004 /* ExampleViewController.xib in Resources */ = {isa = PBXBuildFile; fileRef = 17D223FE245E090A00373004 /* ExampleViewController.xib */; };
		17D2240F245E090A00373004 /* HomeViewController.xib in Resources */ = {isa = PBXBuildFile; fileRef = 17D22400245E090A00373004 /* HomeViewController.xib */; };
		17D22410245E090A00373004 /* HomeViewController.swift in Sources */ = {isa = PBXBuildFile; fileRef = 17D22401245E090A00373004 /* HomeViewController.swift */; };
		17D22411245E090A00373004 /* MenuViewController.xib in Resources */ = {isa = PBXBuildFile; fileRef = 17D22403245E090A00373004 /* MenuViewController.xib */; };
		17D22412245E090A00373004 /* MenuViewController.swift in Sources */ = {isa = PBXBuildFile; fileRef = 17D22404245E090A00373004 /* MenuViewController.swift */; };
		17D22413245E090A00373004 /* MenuItemCollectionViewCell.swift in Sources */ = {isa = PBXBuildFile; fileRef = 17D22406245E090A00373004 /* MenuItemCollectionViewCell.swift */; };
		17D22414245E090A00373004 /* MenuItemCollectionViewCell.xib in Resources */ = {isa = PBXBuildFile; fileRef = 17D22407245E090A00373004 /* MenuItemCollectionViewCell.xib */; };
		17D22415245E090A00373004 /* LogInViewController.xib in Resources */ = {isa = PBXBuildFile; fileRef = 17D22409245E090A00373004 /* LogInViewController.xib */; };
		17D22416245E090A00373004 /* LogInViewController.swift in Sources */ = {isa = PBXBuildFile; fileRef = 17D2240A245E090A00373004 /* LogInViewController.swift */; };
		17D22419245E091C00373004 /* menu.json in Resources */ = {isa = PBXBuildFile; fileRef = 17D22418245E091C00373004 /* menu.json */; };
		17D2241F245E092500373004 /* ItemSecctionTableViewCell.xib in Resources */ = {isa = PBXBuildFile; fileRef = 17D2241D245E092500373004 /* ItemSecctionTableViewCell.xib */; };
		17D22420245E092500373004 /* ItemSecctionTableViewCell.swift in Sources */ = {isa = PBXBuildFile; fileRef = 17D2241E245E092500373004 /* ItemSecctionTableViewCell.swift */; };
		17D22424245F9BBA00373004 /* TemaViewController.swift in Sources */ = {isa = PBXBuildFile; fileRef = 17D22422245F9BBA00373004 /* TemaViewController.swift */; };
		17D22425245F9BBA00373004 /* TemaViewController.xib in Resources */ = {isa = PBXBuildFile; fileRef = 17D22423245F9BBA00373004 /* TemaViewController.xib */; };
		17D22429245F9D6000373004 /* ItemTemaCollectionVeiwCell.swift in Sources */ = {isa = PBXBuildFile; fileRef = 17D22427245F9D6000373004 /* ItemTemaCollectionVeiwCell.swift */; };
		17D2242A245F9D6000373004 /* ItemTemaCollectionVeiwCell.xib in Resources */ = {isa = PBXBuildFile; fileRef = 17D22428245F9D6000373004 /* ItemTemaCollectionVeiwCell.xib */; };
		17D2242F245FB90000373004 /* ObjetosViewController.swift in Sources */ = {isa = PBXBuildFile; fileRef = 17D2242D245FB90000373004 /* ObjetosViewController.swift */; };
		17D22430245FB90000373004 /* ObjetosViewController.xib in Resources */ = {isa = PBXBuildFile; fileRef = 17D2242E245FB90000373004 /* ObjetosViewController.xib */; };
		17D22432245FBB5E00373004 /* Assets.xcassets in Resources */ = {isa = PBXBuildFile; fileRef = 17D22431245FBB5E00373004 /* Assets.xcassets */; };
		17D22436245FC4F600373004 /* CaracteristicasViewController.swift in Sources */ = {isa = PBXBuildFile; fileRef = 17D22434245FC4F600373004 /* CaracteristicasViewController.swift */; };
		17D22437245FC4F600373004 /* CaracteristicasViewController.xib in Resources */ = {isa = PBXBuildFile; fileRef = 17D22435245FC4F600373004 /* CaracteristicasViewController.xib */; };
		17D2243B245FC65500373004 /* EmocionesViewController.swift in Sources */ = {isa = PBXBuildFile; fileRef = 17D22439245FC65500373004 /* EmocionesViewController.swift */; };
		17D2243C245FC65500373004 /* EmocionesViewController.xib in Resources */ = {isa = PBXBuildFile; fileRef = 17D2243A245FC65500373004 /* EmocionesViewController.xib */; };
		17D22440245FC76400373004 /* AccionesCotidianasViewController.swift in Sources */ = {isa = PBXBuildFile; fileRef = 17D2243E245FC76400373004 /* AccionesCotidianasViewController.swift */; };
		17D22441245FC76400373004 /* AccionesCotidianasViewController.xib in Resources */ = {isa = PBXBuildFile; fileRef = 17D2243F245FC76400373004 /* AccionesCotidianasViewController.xib */; };
		17D22445245FD9BD00373004 /* CameraViewController.swift in Sources */ = {isa = PBXBuildFile; fileRef = 17D22443245FD9BD00373004 /* CameraViewController.swift */; };
		17D22446245FD9BD00373004 /* CameraViewController.xib in Resources */ = {isa = PBXBuildFile; fileRef = 17D22444245FD9BD00373004 /* CameraViewController.xib */; };
		80C048218D51D379D28ECBEB /* Pods_MyApp.framework in Frameworks */ = {isa = PBXBuildFile; fileRef = AAED7542D86AA317310987A3 /* Pods_MyApp.framework */; };
/* End PBXBuildFile section */

/* Begin PBXFileReference section */
		17D223D8245D1F8C00373004 /* Talking Hands.app */ = {isa = PBXFileReference; explicitFileType = wrapper.application; includeInIndex = 0; path = "Talking Hands.app"; sourceTree = BUILT_PRODUCTS_DIR; };
		17D223DB245D1F8C00373004 /* AppDelegate.swift */ = {isa = PBXFileReference; lastKnownFileType = sourcecode.swift; path = AppDelegate.swift; sourceTree = "<group>"; };
		17D223DD245D1F8C00373004 /* SceneDelegate.swift */ = {isa = PBXFileReference; lastKnownFileType = sourcecode.swift; path = SceneDelegate.swift; sourceTree = "<group>"; };
		17D223DF245D1F8C00373004 /* ViewController.swift */ = {isa = PBXFileReference; lastKnownFileType = sourcecode.swift; path = ViewController.swift; sourceTree = "<group>"; wrapsLines = 0; };
		17D223E2245D1F8C00373004 /* Base */ = {isa = PBXFileReference; lastKnownFileType = file.storyboard; name = Base; path = Base.lproj/Main.storyboard; sourceTree = "<group>"; };
		17D223E5245D1F8C00373004 /* MyApp.xcdatamodel */ = {isa = PBXFileReference; lastKnownFileType = wrapper.xcdatamodel; path = MyApp.xcdatamodel; sourceTree = "<group>"; };
		17D223EA245D1F8D00373004 /* Base */ = {isa = PBXFileReference; lastKnownFileType = file.storyboard; name = Base; path = Base.lproj/LaunchScreen.storyboard; sourceTree = "<group>"; };
		17D223EC245D1F8D00373004 /* Info.plist */ = {isa = PBXFileReference; lastKnownFileType = text.plist.xml; path = Info.plist; sourceTree = "<group>"; };
		17D223F5245DFF6800373004 /* MenuItem.swift */ = {isa = PBXFileReference; fileEncoding = 4; lastKnownFileType = sourcecode.swift; path = MenuItem.swift; sourceTree = "<group>"; };
		17D223F9245E090A00373004 /* RegisterViewController.xib */ = {isa = PBXFileReference; fileEncoding = 4; lastKnownFileType = file.xib; path = RegisterViewController.xib; sourceTree = "<group>"; };
		17D223FA245E090A00373004 /* RegisterViewController.swift */ = {isa = PBXFileReference; fileEncoding = 4; lastKnownFileType = sourcecode.swift; path = RegisterViewController.swift; sourceTree = "<group>"; };
		17D223FD245E090A00373004 /* ExampleViewController.swift */ = {isa = PBXFileReference; fileEncoding = 4; lastKnownFileType = sourcecode.swift; path = ExampleViewController.swift; sourceTree = "<group>"; wrapsLines = 0; };
		17D223FE245E090A00373004 /* ExampleViewController.xib */ = {isa = PBXFileReference; fileEncoding = 4; lastKnownFileType = file.xib; path = ExampleViewController.xib; sourceTree = "<group>"; };
		17D22400245E090A00373004 /* HomeViewController.xib */ = {isa = PBXFileReference; fileEncoding = 4; lastKnownFileType = file.xib; path = HomeViewController.xib; sourceTree = "<group>"; };
		17D22401245E090A00373004 /* HomeViewController.swift */ = {isa = PBXFileReference; fileEncoding = 4; lastKnownFileType = sourcecode.swift; path = HomeViewController.swift; sourceTree = "<group>"; };
		17D22403245E090A00373004 /* MenuViewController.xib */ = {isa = PBXFileReference; fileEncoding = 4; lastKnownFileType = file.xib; path = MenuViewController.xib; sourceTree = "<group>"; };
		17D22404245E090A00373004 /* MenuViewController.swift */ = {isa = PBXFileReference; fileEncoding = 4; lastKnownFileType = sourcecode.swift; path = MenuViewController.swift; sourceTree = "<group>"; wrapsLines = 0; };
		17D22406245E090A00373004 /* MenuItemCollectionViewCell.swift */ = {isa = PBXFileReference; fileEncoding = 4; lastKnownFileType = sourcecode.swift; path = MenuItemCollectionViewCell.swift; sourceTree = "<group>"; wrapsLines = 0; };
		17D22407245E090A00373004 /* MenuItemCollectionViewCell.xib */ = {isa = PBXFileReference; fileEncoding = 4; lastKnownFileType = file.xib; path = MenuItemCollectionViewCell.xib; sourceTree = "<group>"; };
		17D22409245E090A00373004 /* LogInViewController.xib */ = {isa = PBXFileReference; fileEncoding = 4; lastKnownFileType = file.xib; path = LogInViewController.xib; sourceTree = "<group>"; };
		17D2240A245E090A00373004 /* LogInViewController.swift */ = {isa = PBXFileReference; fileEncoding = 4; lastKnownFileType = sourcecode.swift; path = LogInViewController.swift; sourceTree = "<group>"; };
		17D22418245E091C00373004 /* menu.json */ = {isa = PBXFileReference; fileEncoding = 4; lastKnownFileType = text.json; path = menu.json; sourceTree = "<group>"; };
		17D2241D245E092500373004 /* ItemSecctionTableViewCell.xib */ = {isa = PBXFileReference; fileEncoding = 4; lastKnownFileType = file.xib; path = ItemSecctionTableViewCell.xib; sourceTree = "<group>"; };
		17D2241E245E092500373004 /* ItemSecctionTableViewCell.swift */ = {isa = PBXFileReference; fileEncoding = 4; lastKnownFileType = sourcecode.swift; path = ItemSecctionTableViewCell.swift; sourceTree = "<group>"; };
		17D22422245F9BBA00373004 /* TemaViewController.swift */ = {isa = PBXFileReference; lastKnownFileType = sourcecode.swift; path = TemaViewController.swift; sourceTree = "<group>"; wrapsLines = 0; };
		17D22423245F9BBA00373004 /* TemaViewController.xib */ = {isa = PBXFileReference; lastKnownFileType = file.xib; path = TemaViewController.xib; sourceTree = "<group>"; };
		17D22427245F9D6000373004 /* ItemTemaCollectionVeiwCell.swift */ = {isa = PBXFileReference; lastKnownFileType = sourcecode.swift; path = ItemTemaCollectionVeiwCell.swift; sourceTree = "<group>"; };
		17D22428245F9D6000373004 /* ItemTemaCollectionVeiwCell.xib */ = {isa = PBXFileReference; lastKnownFileType = file.xib; path = ItemTemaCollectionVeiwCell.xib; sourceTree = "<group>"; };
		17D2242D245FB90000373004 /* ObjetosViewController.swift */ = {isa = PBXFileReference; lastKnownFileType = sourcecode.swift; path = ObjetosViewController.swift; sourceTree = "<group>"; };
		17D2242E245FB90000373004 /* ObjetosViewController.xib */ = {isa = PBXFileReference; lastKnownFileType = file.xib; path = ObjetosViewController.xib; sourceTree = "<group>"; };
		17D22431245FBB5E00373004 /* Assets.xcassets */ = {isa = PBXFileReference; lastKnownFileType = folder.assetcatalog; path = Assets.xcassets; sourceTree = "<group>"; };
		17D22434245FC4F600373004 /* CaracteristicasViewController.swift */ = {isa = PBXFileReference; lastKnownFileType = sourcecode.swift; path = CaracteristicasViewController.swift; sourceTree = "<group>"; };
		17D22435245FC4F600373004 /* CaracteristicasViewController.xib */ = {isa = PBXFileReference; lastKnownFileType = file.xib; path = CaracteristicasViewController.xib; sourceTree = "<group>"; };
		17D22439245FC65500373004 /* EmocionesViewController.swift */ = {isa = PBXFileReference; lastKnownFileType = sourcecode.swift; path = EmocionesViewController.swift; sourceTree = "<group>"; };
		17D2243A245FC65500373004 /* EmocionesViewController.xib */ = {isa = PBXFileReference; lastKnownFileType = file.xib; path = EmocionesViewController.xib; sourceTree = "<group>"; };
		17D2243E245FC76400373004 /* AccionesCotidianasViewController.swift */ = {isa = PBXFileReference; lastKnownFileType = sourcecode.swift; path = AccionesCotidianasViewController.swift; sourceTree = "<group>"; };
		17D2243F245FC76400373004 /* AccionesCotidianasViewController.xib */ = {isa = PBXFileReference; lastKnownFileType = file.xib; path = AccionesCotidianasViewController.xib; sourceTree = "<group>"; };
		17D22443245FD9BD00373004 /* CameraViewController.swift */ = {isa = PBXFileReference; lastKnownFileType = sourcecode.swift; path = CameraViewController.swift; sourceTree = "<group>"; };
		17D22444245FD9BD00373004 /* CameraViewController.xib */ = {isa = PBXFileReference; lastKnownFileType = file.xib; path = CameraViewController.xib; sourceTree = "<group>"; };
		AAED7542D86AA317310987A3 /* Pods_MyApp.framework */ = {isa = PBXFileReference; explicitFileType = wrapper.framework; includeInIndex = 0; path = Pods_MyApp.framework; sourceTree = BUILT_PRODUCTS_DIR; };
		C980FFB0861025131F1F60F7 /* Pods-MyApp.release.xcconfig */ = {isa = PBXFileReference; includeInIndex = 1; lastKnownFileType = text.xcconfig; name = "Pods-MyApp.release.xcconfig"; path = "Target Support Files/Pods-MyApp/Pods-MyApp.release.xcconfig"; sourceTree = "<group>"; };
		E3B79AD994F2011748841C79 /* Pods-MyApp.debug.xcconfig */ = {isa = PBXFileReference; includeInIndex = 1; lastKnownFileType = text.xcconfig; name = "Pods-MyApp.debug.xcconfig"; path = "Target Support Files/Pods-MyApp/Pods-MyApp.debug.xcconfig"; sourceTree = "<group>"; };
/* End PBXFileReference section */

/* Begin PBXFrameworksBuildPhase section */
		17D223D5245D1F8C00373004 /* Frameworks */ = {
			isa = PBXFrameworksBuildPhase;
			buildActionMask = 2147483647;
			files = (
				80C048218D51D379D28ECBEB /* Pods_MyApp.framework in Frameworks */,
			);
			runOnlyForDeploymentPostprocessing = 0;
		};
/* End PBXFrameworksBuildPhase section */

/* Begin PBXGroup section */
		17D223CF245D1F8C00373004 = {
			isa = PBXGroup;
			children = (
				17D223DA245D1F8C00373004 /* MyApp */,
				17D223D9245D1F8C00373004 /* Products */,
				9360D807591747A202562C30 /* Pods */,
				FC68ED34CA92BD08CB0C1F37 /* Frameworks */,
			);
			sourceTree = "<group>";
		};
		17D223D9245D1F8C00373004 /* Products */ = {
			isa = PBXGroup;
			children = (
				17D223D8245D1F8C00373004 /* Talking Hands.app */,
			);
			name = Products;
			sourceTree = "<group>";
		};
		17D223DA245D1F8C00373004 /* MyApp */ = {
			isa = PBXGroup;
			children = (
				17D2241A245E092500373004 /* Cells */,
				17D22417245E091C00373004 /* JSONS */,
				17D223F7245E090A00373004 /* ViewControllers */,
				17D223F4245DFF4D00373004 /* Models */,
				17D223DB245D1F8C00373004 /* AppDelegate.swift */,
				17D223DD245D1F8C00373004 /* SceneDelegate.swift */,
				17D223DF245D1F8C00373004 /* ViewController.swift */,
				17D223E1245D1F8C00373004 /* Main.storyboard */,
				17D223E9245D1F8D00373004 /* LaunchScreen.storyboard */,
				17D22431245FBB5E00373004 /* Assets.xcassets */,
				17D223EC245D1F8D00373004 /* Info.plist */,
				17D223E4245D1F8C00373004 /* MyApp.xcdatamodeld */,
			);
			path = MyApp;
			sourceTree = "<group>";
		};
		17D223F4245DFF4D00373004 /* Models */ = {
			isa = PBXGroup;
			children = (
				17D223F5245DFF6800373004 /* MenuItem.swift */,
			);
			path = Models;
			sourceTree = "<group>";
		};
		17D223F7245E090A00373004 /* ViewControllers */ = {
			isa = PBXGroup;
			children = (
				17D22442245FD9A100373004 /* CameraViewController */,
				17D2242B245FB80300373004 /* Contents */,
				17D22421245F9B9C00373004 /* TemaViewController */,
				17D223FF245E090A00373004 /* HomeViewController */,
				17D223F8245E090A00373004 /* RegisterViewController */,
				17D22402245E090A00373004 /* MenuViewController */,
				17D22408245E090A00373004 /* LogInViewController */,
			);
			path = ViewControllers;
			sourceTree = "<group>";
		};
		17D223F8245E090A00373004 /* RegisterViewController */ = {
			isa = PBXGroup;
			children = (
				17D223FA245E090A00373004 /* RegisterViewController.swift */,
				17D223F9245E090A00373004 /* RegisterViewController.xib */,
			);
			path = RegisterViewController;
			sourceTree = "<group>";
		};
		17D223FC245E090A00373004 /* ExampleViewController */ = {
			isa = PBXGroup;
			children = (
				17D223FD245E090A00373004 /* ExampleViewController.swift */,
				17D223FE245E090A00373004 /* ExampleViewController.xib */,
			);
			path = ExampleViewController;
			sourceTree = "<group>";
		};
		17D223FF245E090A00373004 /* HomeViewController */ = {
			isa = PBXGroup;
			children = (
				17D22400245E090A00373004 /* HomeViewController.xib */,
				17D22401245E090A00373004 /* HomeViewController.swift */,
			);
			path = HomeViewController;
			sourceTree = "<group>";
		};
		17D22402245E090A00373004 /* MenuViewController */ = {
			isa = PBXGroup;
			children = (
				17D22405245E090A00373004 /* MenuItemCollectionViewCell */,
				17D22404245E090A00373004 /* MenuViewController.swift */,
				17D22403245E090A00373004 /* MenuViewController.xib */,
			);
			path = MenuViewController;
			sourceTree = "<group>";
		};
		17D22405245E090A00373004 /* MenuItemCollectionViewCell */ = {
			isa = PBXGroup;
			children = (
				17D22406245E090A00373004 /* MenuItemCollectionViewCell.swift */,
				17D22407245E090A00373004 /* MenuItemCollectionViewCell.xib */,
			);
			path = MenuItemCollectionViewCell;
			sourceTree = "<group>";
		};
		17D22408245E090A00373004 /* LogInViewController */ = {
			isa = PBXGroup;
			children = (
				17D2240A245E090A00373004 /* LogInViewController.swift */,
				17D22409245E090A00373004 /* LogInViewController.xib */,
			);
			path = LogInViewController;
			sourceTree = "<group>";
		};
		17D22417245E091C00373004 /* JSONS */ = {
			isa = PBXGroup;
			children = (
				17D22418245E091C00373004 /* menu.json */,
			);
			path = JSONS;
			sourceTree = "<group>";
		};
		17D2241A245E092500373004 /* Cells */ = {
			isa = PBXGroup;
			children = (
				17D2241B245E092500373004 /* Table */,
			);
			path = Cells;
			sourceTree = "<group>";
		};
		17D2241B245E092500373004 /* Table */ = {
			isa = PBXGroup;
			children = (
				17D2241C245E092500373004 /* ItemSecctionTableViewCell */,
			);
			path = Table;
			sourceTree = "<group>";
		};
		17D2241C245E092500373004 /* ItemSecctionTableViewCell */ = {
			isa = PBXGroup;
			children = (
				17D2241D245E092500373004 /* ItemSecctionTableViewCell.xib */,
				17D2241E245E092500373004 /* ItemSecctionTableViewCell.swift */,
			);
			path = ItemSecctionTableViewCell;
			sourceTree = "<group>";
		};
		17D22421245F9B9C00373004 /* TemaViewController */ = {
			isa = PBXGroup;
			children = (
				17D22426245F9D4300373004 /* ItemTemaCollectionVeiwCell */,
				17D22422245F9BBA00373004 /* TemaViewController.swift */,
				17D22423245F9BBA00373004 /* TemaViewController.xib */,
			);
			path = TemaViewController;
			sourceTree = "<group>";
		};
		17D22426245F9D4300373004 /* ItemTemaCollectionVeiwCell */ = {
			isa = PBXGroup;
			children = (
				17D22427245F9D6000373004 /* ItemTemaCollectionVeiwCell.swift */,
				17D22428245F9D6000373004 /* ItemTemaCollectionVeiwCell.xib */,
			);
			path = ItemTemaCollectionVeiwCell;
			sourceTree = "<group>";
		};
		17D2242B245FB80300373004 /* Contents */ = {
			isa = PBXGroup;
			children = (
				17D2243D245FC75000373004 /* AccionesCotidianasViewController */,
				17D22438245FC64300373004 /* EmocionaesViewController */,
				17D22433245FC4DD00373004 /* CaracteristicasViewController */,
				17D2242C245FB80F00373004 /* ObjetosViewController */,
				17D223FC245E090A00373004 /* ExampleViewController */,
			);
			path = Contents;
			sourceTree = "<group>";
		};
		17D2242C245FB80F00373004 /* ObjetosViewController */ = {
			isa = PBXGroup;
			children = (
				17D2242D245FB90000373004 /* ObjetosViewController.swift */,
				17D2242E245FB90000373004 /* ObjetosViewController.xib */,
			);
			path = ObjetosViewController;
			sourceTree = "<group>";
		};
		17D22433245FC4DD00373004 /* CaracteristicasViewController */ = {
			isa = PBXGroup;
			children = (
				17D22434245FC4F600373004 /* CaracteristicasViewController.swift */,
				17D22435245FC4F600373004 /* CaracteristicasViewController.xib */,
			);
			path = CaracteristicasViewController;
			sourceTree = "<group>";
		};
		17D22438245FC64300373004 /* EmocionaesViewController */ = {
			isa = PBXGroup;
			children = (
				17D22439245FC65500373004 /* EmocionesViewController.swift */,
				17D2243A245FC65500373004 /* EmocionesViewController.xib */,
			);
			path = EmocionaesViewController;
			sourceTree = "<group>";
		};
		17D2243D245FC75000373004 /* AccionesCotidianasViewController */ = {
			isa = PBXGroup;
			children = (
				17D2243E245FC76400373004 /* AccionesCotidianasViewController.swift */,
				17D2243F245FC76400373004 /* AccionesCotidianasViewController.xib */,
			);
			path = AccionesCotidianasViewController;
			sourceTree = "<group>";
		};
		17D22442245FD9A100373004 /* CameraViewController */ = {
			isa = PBXGroup;
			children = (
				17D22443245FD9BD00373004 /* CameraViewController.swift */,
				17D22444245FD9BD00373004 /* CameraViewController.xib */,
			);
			path = CameraViewController;
			sourceTree = "<group>";
		};
		9360D807591747A202562C30 /* Pods */ = {
			isa = PBXGroup;
			children = (
				E3B79AD994F2011748841C79 /* Pods-MyApp.debug.xcconfig */,
				C980FFB0861025131F1F60F7 /* Pods-MyApp.release.xcconfig */,
			);
			path = Pods;
			sourceTree = "<group>";
		};
		FC68ED34CA92BD08CB0C1F37 /* Frameworks */ = {
			isa = PBXGroup;
			children = (
				AAED7542D86AA317310987A3 /* Pods_MyApp.framework */,
			);
			name = Frameworks;
			sourceTree = "<group>";
		};
/* End PBXGroup section */

/* Begin PBXNativeTarget section */
		17D223D7245D1F8C00373004 /* MyApp */ = {
			isa = PBXNativeTarget;
			buildConfigurationList = 17D223EF245D1F8D00373004 /* Build configuration list for PBXNativeTarget "MyApp" */;
			buildPhases = (
				51F4D95BC0808DA333397C55 /* [CP] Check Pods Manifest.lock */,
				17D223D4245D1F8C00373004 /* Sources */,
				17D223D5245D1F8C00373004 /* Frameworks */,
				17D223D6245D1F8C00373004 /* Resources */,
				4252CCF0AA317B259FCD132C /* [CP] Embed Pods Frameworks */,
			);
			buildRules = (
			);
			dependencies = (
			);
			name = MyApp;
			productName = MyApp;
			productReference = 17D223D8245D1F8C00373004 /* Talking Hands.app */;
			productType = "com.apple.product-type.application";
		};
/* End PBXNativeTarget section */

/* Begin PBXProject section */
		17D223D0245D1F8C00373004 /* Project object */ = {
			isa = PBXProject;
			attributes = {
				LastSwiftUpdateCheck = 1140;
				LastUpgradeCheck = 1140;
				ORGANIZATIONNAME = "Benny Reyes";
				TargetAttributes = {
					17D223D7245D1F8C00373004 = {
						CreatedOnToolsVersion = 11.4.1;
					};
				};
			};
			buildConfigurationList = 17D223D3245D1F8C00373004 /* Build configuration list for PBXProject "MyApp" */;
			compatibilityVersion = "Xcode 9.3";
			developmentRegion = en;
			hasScannedForEncodings = 0;
			knownRegions = (
				en,
				Base,
			);
			mainGroup = 17D223CF245D1F8C00373004;
			productRefGroup = 17D223D9245D1F8C00373004 /* Products */;
			projectDirPath = "";
			projectRoot = "";
			targets = (
				17D223D7245D1F8C00373004 /* MyApp */,
			);
		};
/* End PBXProject section */

/* Begin PBXResourcesBuildPhase section */
		17D223D6245D1F8C00373004 /* Resources */ = {
			isa = PBXResourcesBuildPhase;
			buildActionMask = 2147483647;
			files = (
				17D22419245E091C00373004 /* menu.json in Resources */,
				17D22437245FC4F600373004 /* CaracteristicasViewController.xib in Resources */,
				17D2242A245F9D6000373004 /* ItemTemaCollectionVeiwCell.xib in Resources */,
				17D22425245F9BBA00373004 /* TemaViewController.xib in Resources */,
				17D22441245FC76400373004 /* AccionesCotidianasViewController.xib in Resources */,
				17D223EB245D1F8D00373004 /* LaunchScreen.storyboard in Resources */,
				17D22432245FBB5E00373004 /* Assets.xcassets in Resources */,
				17D22430245FB90000373004 /* ObjetosViewController.xib in Resources */,
				17D22415245E090A00373004 /* LogInViewController.xib in Resources */,
				17D22446245FD9BD00373004 /* CameraViewController.xib in Resources */,
				17D22414245E090A00373004 /* MenuItemCollectionViewCell.xib in Resources */,
				17D223E3245D1F8C00373004 /* Main.storyboard in Resources */,
				17D2240B245E090A00373004 /* RegisterViewController.xib in Resources */,
				17D2240E245E090A00373004 /* ExampleViewController.xib in Resources */,
				17D2241F245E092500373004 /* ItemSecctionTableViewCell.xib in Resources */,
				17D2243C245FC65500373004 /* EmocionesViewController.xib in Resources */,
				17D22411245E090A00373004 /* MenuViewController.xib in Resources */,
				17D2240F245E090A00373004 /* HomeViewController.xib in Resources */,
			);
			runOnlyForDeploymentPostprocessing = 0;
		};
/* End PBXResourcesBuildPhase section */

/* Begin PBXShellScriptBuildPhase section */
		4252CCF0AA317B259FCD132C /* [CP] Embed Pods Frameworks */ = {
			isa = PBXShellScriptBuildPhase;
			buildActionMask = 2147483647;
			files = (
			);
			inputFileListPaths = (
				"${PODS_ROOT}/Target Support Files/Pods-MyApp/Pods-MyApp-frameworks-${CONFIGURATION}-input-files.xcfilelist",
			);
			name = "[CP] Embed Pods Frameworks";
			outputFileListPaths = (
				"${PODS_ROOT}/Target Support Files/Pods-MyApp/Pods-MyApp-frameworks-${CONFIGURATION}-output-files.xcfilelist",
			);
			runOnlyForDeploymentPostprocessing = 0;
			shellPath = /bin/sh;
			shellScript = "\"${PODS_ROOT}/Target Support Files/Pods-MyApp/Pods-MyApp-frameworks.sh\"\n";
			showEnvVarsInLog = 0;
		};
		51F4D95BC0808DA333397C55 /* [CP] Check Pods Manifest.lock */ = {
			isa = PBXShellScriptBuildPhase;
			buildActionMask = 2147483647;
			files = (
			);
			inputFileListPaths = (
			);
			inputPaths = (
				"${PODS_PODFILE_DIR_PATH}/Podfile.lock",
				"${PODS_ROOT}/Manifest.lock",
			);
			name = "[CP] Check Pods Manifest.lock";
			outputFileListPaths = (
			);
			outputPaths = (
				"$(DERIVED_FILE_DIR)/Pods-MyApp-checkManifestLockResult.txt",
			);
			runOnlyForDeploymentPostprocessing = 0;
			shellPath = /bin/sh;
			shellScript = "diff \"${PODS_PODFILE_DIR_PATH}/Podfile.lock\" \"${PODS_ROOT}/Manifest.lock\" > /dev/null\nif [ $? != 0 ] ; then\n    # print error to STDERR\n    echo \"error: The sandbox is not in sync with the Podfile.lock. Run 'pod install' or update your CocoaPods installation.\" >&2\n    exit 1\nfi\n# This output is used by Xcode 'outputs' to avoid re-running this script phase.\necho \"SUCCESS\" > \"${SCRIPT_OUTPUT_FILE_0}\"\n";
			showEnvVarsInLog = 0;
		};
/* End PBXShellScriptBuildPhase section */

/* Begin PBXSourcesBuildPhase section */
		17D223D4245D1F8C00373004 /* Sources */ = {
			isa = PBXSourcesBuildPhase;
			buildActionMask = 2147483647;
			files = (
				17D22413245E090A00373004 /* MenuItemCollectionViewCell.swift in Sources */,
				17D223E0245D1F8C00373004 /* ViewController.swift in Sources */,
				17D22436245FC4F600373004 /* CaracteristicasViewController.swift in Sources */,
				17D22416245E090A00373004 /* LogInViewController.swift in Sources */,
				17D22424245F9BBA00373004 /* TemaViewController.swift in Sources */,
				17D2242F245FB90000373004 /* ObjetosViewController.swift in Sources */,
				17D22429245F9D6000373004 /* ItemTemaCollectionVeiwCell.swift in Sources */,
				17D223E6245D1F8C00373004 /* MyApp.xcdatamodeld in Sources */,
				17D22420245E092500373004 /* ItemSecctionTableViewCell.swift in Sources */,
				17D223DC245D1F8C00373004 /* AppDelegate.swift in Sources */,
				17D22410245E090A00373004 /* HomeViewController.swift in Sources */,
				17D22412245E090A00373004 /* MenuViewController.swift in Sources */,
				17D22440245FC76400373004 /* AccionesCotidianasViewController.swift in Sources */,
				17D2240C245E090A00373004 /* RegisterViewController.swift in Sources */,
				17D2240D245E090A00373004 /* ExampleViewController.swift in Sources */,
				17D2243B245FC65500373004 /* EmocionesViewController.swift in Sources */,
				17D22445245FD9BD00373004 /* CameraViewController.swift in Sources */,
				17D223DE245D1F8C00373004 /* SceneDelegate.swift in Sources */,
				17D223F6245DFF6800373004 /* MenuItem.swift in Sources */,
			);
			runOnlyForDeploymentPostprocessing = 0;
		};
/* End PBXSourcesBuildPhase section */

/* Begin PBXVariantGroup section */
		17D223E1245D1F8C00373004 /* Main.storyboard */ = {
			isa = PBXVariantGroup;
			children = (
				17D223E2245D1F8C00373004 /* Base */,
			);
			name = Main.storyboard;
			sourceTree = "<group>";
		};
		17D223E9245D1F8D00373004 /* LaunchScreen.storyboard */ = {
			isa = PBXVariantGroup;
			children = (
				17D223EA245D1F8D00373004 /* Base */,
			);
			name = LaunchScreen.storyboard;
			sourceTree = "<group>";
		};
/* End PBXVariantGroup section */

/* Begin XCBuildConfiguration section */
		17D223ED245D1F8D00373004 /* Debug */ = {
			isa = XCBuildConfiguration;
			buildSettings = {
				ALWAYS_SEARCH_USER_PATHS = NO;
				CLANG_ANALYZER_NONNULL = YES;
				CLANG_ANALYZER_NUMBER_OBJECT_CONVERSION = YES_AGGRESSIVE;
				CLANG_CXX_LANGUAGE_STANDARD = "gnu++14";
				CLANG_CXX_LIBRARY = "libc++";
				CLANG_ENABLE_MODULES = YES;
				CLANG_ENABLE_OBJC_ARC = YES;
				CLANG_ENABLE_OBJC_WEAK = YES;
				CLANG_WARN_BLOCK_CAPTURE_AUTORELEASING = YES;
				CLANG_WARN_BOOL_CONVERSION = YES;
				CLANG_WARN_COMMA = YES;
				CLANG_WARN_CONSTANT_CONVERSION = YES;
				CLANG_WARN_DEPRECATED_OBJC_IMPLEMENTATIONS = YES;
				CLANG_WARN_DIRECT_OBJC_ISA_USAGE = YES_ERROR;
				CLANG_WARN_DOCUMENTATION_COMMENTS = YES;
				CLANG_WARN_EMPTY_BODY = YES;
				CLANG_WARN_ENUM_CONVERSION = YES;
				CLANG_WARN_INFINITE_RECURSION = YES;
				CLANG_WARN_INT_CONVERSION = YES;
				CLANG_WARN_NON_LITERAL_NULL_CONVERSION = YES;
				CLANG_WARN_OBJC_IMPLICIT_RETAIN_SELF = YES;
				CLANG_WARN_OBJC_LITERAL_CONVERSION = YES;
				CLANG_WARN_OBJC_ROOT_CLASS = YES_ERROR;
				CLANG_WARN_RANGE_LOOP_ANALYSIS = YES;
				CLANG_WARN_STRICT_PROTOTYPES = YES;
				CLANG_WARN_SUSPICIOUS_MOVE = YES;
				CLANG_WARN_UNGUARDED_AVAILABILITY = YES_AGGRESSIVE;
				CLANG_WARN_UNREACHABLE_CODE = YES;
				CLANG_WARN__DUPLICATE_METHOD_MATCH = YES;
				COPY_PHASE_STRIP = NO;
				DEBUG_INFORMATION_FORMAT = dwarf;
				ENABLE_STRICT_OBJC_MSGSEND = YES;
				ENABLE_TESTABILITY = YES;
				GCC_C_LANGUAGE_STANDARD = gnu11;
				GCC_DYNAMIC_NO_PIC = NO;
				GCC_NO_COMMON_BLOCKS = YES;
				GCC_OPTIMIZATION_LEVEL = 0;
				GCC_PREPROCESSOR_DEFINITIONS = (
					"DEBUG=1",
					"$(inherited)",
				);
				GCC_WARN_64_TO_32_BIT_CONVERSION = YES;
				GCC_WARN_ABOUT_RETURN_TYPE = YES_ERROR;
				GCC_WARN_UNDECLARED_SELECTOR = YES;
				GCC_WARN_UNINITIALIZED_AUTOS = YES_AGGRESSIVE;
				GCC_WARN_UNUSED_FUNCTION = YES;
				GCC_WARN_UNUSED_VARIABLE = YES;
				IPHONEOS_DEPLOYMENT_TARGET = 13.4;
				MTL_ENABLE_DEBUG_INFO = INCLUDE_SOURCE;
				MTL_FAST_MATH = YES;
				ONLY_ACTIVE_ARCH = YES;
				SDKROOT = iphoneos;
				SWIFT_ACTIVE_COMPILATION_CONDITIONS = DEBUG;
				SWIFT_OPTIMIZATION_LEVEL = "-Onone";
			};
			name = Debug;
		};
		17D223EE245D1F8D00373004 /* Release */ = {
			isa = XCBuildConfiguration;
			buildSettings = {
				ALWAYS_SEARCH_USER_PATHS = NO;
				CLANG_ANALYZER_NONNULL = YES;
				CLANG_ANALYZER_NUMBER_OBJECT_CONVERSION = YES_AGGRESSIVE;
				CLANG_CXX_LANGUAGE_STANDARD = "gnu++14";
				CLANG_CXX_LIBRARY = "libc++";
				CLANG_ENABLE_MODULES = YES;
				CLANG_ENABLE_OBJC_ARC = YES;
				CLANG_ENABLE_OBJC_WEAK = YES;
				CLANG_WARN_BLOCK_CAPTURE_AUTORELEASING = YES;
				CLANG_WARN_BOOL_CONVERSION = YES;
				CLANG_WARN_COMMA = YES;
				CLANG_WARN_CONSTANT_CONVERSION = YES;
				CLANG_WARN_DEPRECATED_OBJC_IMPLEMENTATIONS = YES;
				CLANG_WARN_DIRECT_OBJC_ISA_USAGE = YES_ERROR;
				CLANG_WARN_DOCUMENTATION_COMMENTS = YES;
				CLANG_WARN_EMPTY_BODY = YES;
				CLANG_WARN_ENUM_CONVERSION = YES;
				CLANG_WARN_INFINITE_RECURSION = YES;
				CLANG_WARN_INT_CONVERSION = YES;
				CLANG_WARN_NON_LITERAL_NULL_CONVERSION = YES;
				CLANG_WARN_OBJC_IMPLICIT_RETAIN_SELF = YES;
				CLANG_WARN_OBJC_LITERAL_CONVERSION = YES;
				CLANG_WARN_OBJC_ROOT_CLASS = YES_ERROR;
				CLANG_WARN_RANGE_LOOP_ANALYSIS = YES;
				CLANG_WARN_STRICT_PROTOTYPES = YES;
				CLANG_WARN_SUSPICIOUS_MOVE = YES;
				CLANG_WARN_UNGUARDED_AVAILABILITY = YES_AGGRESSIVE;
				CLANG_WARN_UNREACHABLE_CODE = YES;
				CLANG_WARN__DUPLICATE_METHOD_MATCH = YES;
				COPY_PHASE_STRIP = NO;
				DEBUG_INFORMATION_FORMAT = "dwarf-with-dsym";
				ENABLE_NS_ASSERTIONS = NO;
				ENABLE_STRICT_OBJC_MSGSEND = YES;
				GCC_C_LANGUAGE_STANDARD = gnu11;
				GCC_NO_COMMON_BLOCKS = YES;
				GCC_WARN_64_TO_32_BIT_CONVERSION = YES;
				GCC_WARN_ABOUT_RETURN_TYPE = YES_ERROR;
				GCC_WARN_UNDECLARED_SELECTOR = YES;
				GCC_WARN_UNINITIALIZED_AUTOS = YES_AGGRESSIVE;
				GCC_WARN_UNUSED_FUNCTION = YES;
				GCC_WARN_UNUSED_VARIABLE = YES;
				IPHONEOS_DEPLOYMENT_TARGET = 13.4;
				MTL_ENABLE_DEBUG_INFO = NO;
				MTL_FAST_MATH = YES;
				SDKROOT = iphoneos;
				SWIFT_COMPILATION_MODE = wholemodule;
				SWIFT_OPTIMIZATION_LEVEL = "-O";
				VALIDATE_PRODUCT = YES;
			};
			name = Release;
		};
		17D223F0245D1F8D00373004 /* Debug */ = {
			isa = XCBuildConfiguration;
			baseConfigurationReference = E3B79AD994F2011748841C79 /* Pods-MyApp.debug.xcconfig */;
			buildSettings = {
				ASSETCATALOG_COMPILER_APPICON_NAME = AppIcon;
				CODE_SIGN_STYLE = Automatic;
				DEVELOPMENT_TEAM = AF969G59U2;
				INFOPLIST_FILE = MyApp/Info.plist;
				LD_RUNPATH_SEARCH_PATHS = (
					"$(inherited)",
					"@executable_path/Frameworks",
				);
				PRODUCT_BUNDLE_IDENTIFIER = FIME.MyApp;
				PRODUCT_NAME = "Talking Hands";
				SWIFT_VERSION = 5.0;
				TARGETED_DEVICE_FAMILY = "1,2";
			};
			name = Debug;
		};
		17D223F1245D1F8D00373004 /* Release */ = {
			isa = XCBuildConfiguration;
			baseConfigurationReference = C980FFB0861025131F1F60F7 /* Pods-MyApp.release.xcconfig */;
			buildSettings = {
				ASSETCATALOG_COMPILER_APPICON_NAME = AppIcon;
				CODE_SIGN_STYLE = Automatic;
				DEVELOPMENT_TEAM = AF969G59U2;
				INFOPLIST_FILE = MyApp/Info.plist;
				LD_RUNPATH_SEARCH_PATHS = (
					"$(inherited)",
					"@executable_path/Frameworks",
				);
				PRODUCT_BUNDLE_IDENTIFIER = FIME.MyApp;
				PRODUCT_NAME = "Talking Hands";
				SWIFT_VERSION = 5.0;
				TARGETED_DEVICE_FAMILY = "1,2";
			};
			name = Release;
		};
/* End XCBuildConfiguration section */

/* Begin XCConfigurationList section */
		17D223D3245D1F8C00373004 /* Build configuration list for PBXProject "MyApp" */ = {
			isa = XCConfigurationList;
			buildConfigurations = (
				17D223ED245D1F8D00373004 /* Debug */,
				17D223EE245D1F8D00373004 /* Release */,
			);
			defaultConfigurationIsVisible = 0;
			defaultConfigurationName = Release;
		};
		17D223EF245D1F8D00373004 /* Build configuration list for PBXNativeTarget "MyApp" */ = {
			isa = XCConfigurationList;
			buildConfigurations = (
				17D223F0245D1F8D00373004 /* Debug */,
				17D223F1245D1F8D00373004 /* Release */,
			);
			defaultConfigurationIsVisible = 0;
			defaultConfigurationName = Release;
		};
/* End XCConfigurationList section */

/* Begin XCVersionGroup section */
		17D223E4245D1F8C00373004 /* MyApp.xcdatamodeld */ = {
			isa = XCVersionGroup;
			children = (
				17D223E5245D1F8C00373004 /* MyApp.xcdatamodel */,
			);
			currentVersion = 17D223E5245D1F8C00373004 /* MyApp.xcdatamodel */;
			path = MyApp.xcdatamodeld;
			sourceTree = "<group>";
			versionGroupType = wrapper.xcdatamodel;
		};
/* End XCVersionGroup section */
	};
	rootObject = 17D223D0245D1F8C00373004 /* Project object */;
}
